Microsoft Visual Studio Solution File, Format Version 12.00
# Visual Studio 2012
Project("{FAE04EC0-301F-11D3-BF4B-00C04F79EFBC}") = "Gratitude App", "Gratitude App.csproj", "{595C1262-5646-4521-A675-ED0AA2A25852}"
EndProject
Global
	GlobalSection(SolutionConfigurationPlatforms) = preSolution
	Debug|Any CPU = Debug|Any CPU
	ExportDebug|Any CPU = ExportDebug|Any CPU
	ExportRelease|Any CPU = ExportRelease|Any CPU
	EndGlobalSection
	GlobalSection(ProjectConfigurationPlatforms) = postSolution
		{595C1262-5646-4521-A675-ED0AA2A25852}.Debug|Any CPU.ActiveCfg = Debug|Any CPU
		{595C1262-5646-4521-A675-ED0AA2A25852}.Debug|Any CPU.Build.0 = Debug|Any CPU
		{595C1262-5646-4521-A675-ED0AA2A25852}.ExportDebug|Any CPU.ActiveCfg = ExportDebug|Any CPU
		{595C1262-5646-4521-A675-ED0AA2A25852}.ExportDebug|Any CPU.Build.0 = ExportDebug|Any CPU
		{595C1262-5646-4521-A675-ED0AA2A25852}.ExportRelease|Any CPU.ActiveCfg = ExportRelease|Any CPU
		{595C1262-5646-4521-A675-ED0AA2A25852}.ExportRelease|Any CPU.Build.0 = ExportRelease|Any CPU
	EndGlobalSection
EndGlobal
